{
  "name": "online-checkers",
  "version": "1.0.0",
  "lockfileVersion": 2,
  "requires": true,
  "packages": {
    "": {
      "name": "online-checkers",
      "version": "1.0.0",
      "license": "ISC",
      "dependencies": {
        "@use-gesture/react": "10.2.23",
        "@use-gesture/vanilla": "10.2.23"
      }
    },
    "node_modules/@use-gesture/core": {
      "version": "10.2.23",
      "resolved": "https://registry.npmjs.org/@use-gesture/core/-/core-10.2.23.tgz",
      "integrity": "sha512-Ynap/Uh6RX1Vgn3zNmFTyKapapdf7Av+GzAe6h+RsBZaxMF1z3cK6aohHPJP6T1hLrPyH/yehxa7RBqyESG9RA=="
    },
    "node_modules/@use-gesture/react": {
      "version": "10.2.23",
      "resolved": "https://registry.npmjs.org/@use-gesture/react/-/react-10.2.23.tgz",
      "integrity": "sha512-anj9j3Lm4l+/s60Jv1FD2m13r+T+aYstSHUT62hTugojM64LPe9XatfEVHRyWOrGjRU2buQhlm03xN8oxkg/OQ==",
      "dependencies": {
        "@use-gesture/core": "10.2.23"
      },
      "peerDependencies": {
        "react": ">= 16.8.0"
      }
    },
    "node_modules/@use-gesture/vanilla": {
      "version": "10.2.23",
      "resolved": "https://registry.npmjs.org/@use-gesture/vanilla/-/vanilla-10.2.23.tgz",
      "integrity": "sha512-mhuRwVgYcm28VJqZr7cGFOMOietVweyqJANbLUha40IaeSKXHjZ3rQR6TwwZDzoZI3RWW9i/pQv0wJutTBHL2w==",
      "dependencies": {
        "@use-gesture/core": "10.2.23"
      }
    },
    "node_modules/js-tokens": {
      "version": "4.0.0",
      "resolved": "https://registry.npmjs.org/js-tokens/-/js-tokens-4.0.0.tgz",
      "integrity": "sha512-RdJUflcE3cUzKiMqQgsCu06FPu9UdIJO0beYbPhHN4k6apgJtifcoCtT9bcxOpYBtpD2kCM6Sbzg4CausW/PKQ==",
      "peer": true
    },
    "node_modules/loose-envify": {
      "version": "1.4.0",
      "resolved": "https://registry.npmjs.org/loose-envify/-/loose-envify-1.4.0.tgz",
      "integrity": "sha512-lyuxPGr/Wfhrlem2CL/UcnUc1zcqKAImBDzukY7Y5F/yQiNdko6+fRLevlw1HgMySw7f611UIY408EtxRSoK3Q==",
      "peer": true,
      "dependencies": {
        "js-tokens": "^3.0.0 || ^4.0.0"
      },
      "bin": {
        "loose-envify": "cli.js"
      }
    },
    "node_modules/react": {
      "version": "18.2.0",
      "resolved": "https://registry.npmjs.org/react/-/react-18.2.0.tgz",
      "integrity": "sha512-/3IjMdb2L9QbBdWiW5e3P2/npwMBaU9mHCSCUzNln0ZCYbcfTsGbTJrU/kGemdH2IWmB2ioZ+zkxtmq6g09fGQ==",
      "peer": true,
      "dependencies": {
        "loose-envify": "^1.1.0"
      },
      "engines": {
        "node": ">=0.10.0"
      }
    }
  },
  "dependencies": {
    "@use-gesture/core": {
      "version": "10.2.23",
      "resolved": "https://registry.npmjs.org/@use-gesture/core/-/core-10.2.23.tgz",
      "integrity": "sha512-Ynap/Uh6RX1Vgn3zNmFTyKapapdf7Av+GzAe6h+RsBZaxMF1z3cK6aohHPJP6T1hLrPyH/yehxa7RBqyESG9RA=="
    },
    "@use-gesture/react": {
      "version": "10.2.23",
      "resolved": "https://registry.npmjs.org/@use-gesture/react/-/react-10.2.23.tgz",
      "integrity": "sha512-anj9j3Lm4l+/s60Jv1FD2m13r+T+aYstSHUT62hTugojM64LPe9XatfEVHRyWOrGjRU2buQhlm03xN8oxkg/OQ==",
      "requires": {
        "@use-gesture/core": "10.2.23"
      }
    },
    "@use-gesture/vanilla": {
      "version": "10.2.23",
      "resolved": "https://registry.npmjs.org/@use-gesture/vanilla/-/vanilla-10.2.23.tgz",
      "integrity": "sha512-mhuRwVgYcm28VJqZr7cGFOMOietVweyqJANbLUha40IaeSKXHjZ3rQR6TwwZDzoZI3RWW9i/pQv0wJutTBHL2w==",
      "requires": {
        "@use-gesture/core": "10.2.23"
      }
    },
    "js-tokens": {
      "version": "4.0.0",
      "resolved": "https://registry.npmjs.org/js-tokens/-/js-tokens-4.0.0.tgz",
      "integrity": "sha512-RdJUflcE3cUzKiMqQgsCu06FPu9UdIJO0beYbPhHN4k6apgJtifcoCtT9bcxOpYBtpD2kCM6Sbzg4CausW/PKQ==",
      "peer": true
    },
    "loose-envify": {
      "version": "1.4.0",
      "resolved": "https://registry.npmjs.org/loose-envify/-/loose-envify-1.4.0.tgz",
      "integrity": "sha512-lyuxPGr/Wfhrlem2CL/UcnUc1zcqKAImBDzukY7Y5F/yQiNdko6+fRLevlw1HgMySw7f611UIY408EtxRSoK3Q==",
      "peer": true,
      "requires": {
        "js-tokens": "^3.0.0 || ^4.0.0"
      }
    },
    "react": {
      "version": "18.2.0",
      "resolved": "https://registry.npmjs.org/react/-/react-18.2.0.tgz",
      "integrity": "sha512-/3IjMdb2L9QbBdWiW5e3P2/npwMBaU9mHCSCUzNln0ZCYbcfTsGbTJrU/kGemdH2IWmB2ioZ+zkxtmq6g09fGQ==",
      "peer": true,
      "requires": {
        "loose-envify": "^1.1.0"
      }
    }
  }
}
